
Microsoft Visual Studio Solution File, Format Version 12.00
# Visual Studio Version 17
VisualStudioVersion = 17.2.32505.173
MinimumVisualStudioVersion = 10.0.40219.1
Project("{9A19103F-16F7-4668-BE54-9A1E7A4F7556}") = "Labka1", "Labka1.csproj", "{6AA38649-B1C5-452C-81E3-69625267EBE9}"
EndProject
Global
	GlobalSection(SolutionConfigurationPlatforms) = preSolution
		Debug|Any CPU = Debug|Any CPU
		Release|Any CPU = Release|Any CPU
	EndGlobalSection
	GlobalSection(ProjectConfigurationPlatforms) = postSolution
		{6AA38649-B1C5-452C-81E3-69625267EBE9}.Debug|Any CPU.ActiveCfg = Debug|Any CPU
		{6AA38649-B1C5-452C-81E3-69625267EBE9}.Debug|Any CPU.Build.0 = Debug|Any CPU
		{6AA38649-B1C5-452C-81E3-69625267EBE9}.Release|Any CPU.ActiveCfg = Release|Any CPU
		{6AA38649-B1C5-452C-81E3-69625267EBE9}.Release|Any CPU.Build.0 = Release|Any CPU
	EndGlobalSection
	GlobalSection(SolutionProperties) = preSolution
		HideSolutionNode = FALSE
	EndGlobalSection
	GlobalSection(ExtensibilityGlobals) = postSolution
		SolutionGuid = {55710914-A41E-4351-A057-424826381020}
	EndGlobalSection
EndGlobal
